// !$*UTF8*$!
{
	archiveVersion = 1;
	classes = {
	};
	objectVersion = 46;
	objects = {

/* Begin PBXBuildFile section */
		010C228A1B718EF600645D7D /* StatusViewController.swift in Sources */ = {isa = PBXBuildFile; fileRef = 010C22891B718EF600645D7D /* StatusViewController.swift */; };
		010C228E1B73283700645D7D /* NMOperations.swift in Sources */ = {isa = PBXBuildFile; fileRef = 010C228D1B73283700645D7D /* NMOperations.swift */; };
		010C229D1B74FE0000645D7D /* PreviewViewController.swift in Sources */ = {isa = PBXBuildFile; fileRef = 010C229C1B74FE0000645D7D /* PreviewViewController.swift */; };
		010C22BD1B751A9A00645D7D /* QuartzCore.framework in Frameworks */ = {isa = PBXBuildFile; fileRef = 010C22BC1B751A9A00645D7D /* QuartzCore.framework */; };
		011CAF061B80587000E23D6F /* NMFootageObject.swift in Sources */ = {isa = PBXBuildFile; fileRef = 011CAF051B80587000E23D6F /* NMFootageObject.swift */; };
		011CAF081B8058A100E23D6F /* NMFootageAsset.swift in Sources */ = {isa = PBXBuildFile; fileRef = 011CAF071B8058A100E23D6F /* NMFootageAsset.swift */; };
		011CAF0A1B80671F00E23D6F /* NMFootageTreeController.swift in Sources */ = {isa = PBXBuildFile; fileRef = 011CAF091B80671F00E23D6F /* NMFootageTreeController.swift */; };
		011D897C1B69EB7D003D605D /* AppDelegate.swift in Sources */ = {isa = PBXBuildFile; fileRef = 011D897B1B69EB7D003D605D /* AppDelegate.swift */; };
		011D897E1B69EB7D003D605D /* ViewController.swift in Sources */ = {isa = PBXBuildFile; fileRef = 011D897D1B69EB7D003D605D /* ViewController.swift */; };
		011D89801B69EB7D003D605D /* Images.xcassets in Resources */ = {isa = PBXBuildFile; fileRef = 011D897F1B69EB7D003D605D /* Images.xcassets */; };
		011D89831B69EB7D003D605D /* Main.storyboard in Resources */ = {isa = PBXBuildFile; fileRef = 011D89811B69EB7D003D605D /* Main.storyboard */; };
		011D898F1B69EB7D003D605D /* AeroEditorTests.swift in Sources */ = {isa = PBXBuildFile; fileRef = 011D898E1B69EB7D003D605D /* AeroEditorTests.swift */; };
		011D89991B69F4E0003D605D /* NMVideoProcessor.swift in Sources */ = {isa = PBXBuildFile; fileRef = 011D89981B69F4E0003D605D /* NMVideoProcessor.swift */; };
		011D899B1B69F6BE003D605D /* AVFoundation.framework in Frameworks */ = {isa = PBXBuildFile; fileRef = 011D899A1B69F6BE003D605D /* AVFoundation.framework */; };
		01A2C3611B79460800C97408 /* ChooseViewController.swift in Sources */ = {isa = PBXBuildFile; fileRef = 01A2C3601B79460800C97408 /* ChooseViewController.swift */; };
		01A2C3631B79733900C97408 /* MainViewController.swift in Sources */ = {isa = PBXBuildFile; fileRef = 01A2C3621B79733900C97408 /* MainViewController.swift */; };
		01A2C3651B79753A00C97408 /* NMFootageAngle.swift in Sources */ = {isa = PBXBuildFile; fileRef = 01A2C3641B79753A00C97408 /* NMFootageAngle.swift */; };
		01A2C3671B7A435700C97408 /* SubMainViewController.swift in Sources */ = {isa = PBXBuildFile; fileRef = 01A2C3661B7A435700C97408 /* SubMainViewController.swift */; };
		01A2C3691B7A460100C97408 /* ChooseSplitViewController.swift in Sources */ = {isa = PBXBuildFile; fileRef = 01A2C3681B7A460100C97408 /* ChooseSplitViewController.swift */; };
		01A2C36C1B7A49CC00C97408 /* ChooseOutlineViewController.swift in Sources */ = {isa = PBXBuildFile; fileRef = 01A2C36B1B7A49CC00C97408 /* ChooseOutlineViewController.swift */; };
		01A2C36E1B7A4AC900C97408 /* ChooseDetailViewController.swift in Sources */ = {isa = PBXBuildFile; fileRef = 01A2C36D1B7A4AC900C97408 /* ChooseDetailViewController.swift */; };
		01B624F01BB9F01D0073C41A /* CorePlot.framework in Frameworks */ = {isa = PBXBuildFile; fileRef = 01B624E51BB9EFCF0073C41A /* CorePlot.framework */; };
		8AB08E56503DF7F769835C37 /* libPods-AeroEditor.a in Frameworks */ = {isa = PBXBuildFile; fileRef = 0627182E805C19FE8237E18F /* libPods-AeroEditor.a */; };
/* End PBXBuildFile section */

/* Begin PBXContainerItemProxy section */
		011D89891B69EB7D003D605D /* PBXContainerItemProxy */ = {
			isa = PBXContainerItemProxy;
			containerPortal = 011D896E1B69EB7D003D605D /* Project object */;
			proxyType = 1;
			remoteGlobalIDString = 011D89751B69EB7D003D605D;
			remoteInfo = AeroEditor;
		};
		01B624E41BB9EFCF0073C41A /* PBXContainerItemProxy */ = {
			isa = PBXContainerItemProxy;
			containerPortal = 01B624CF1BB9EFCF0073C41A /* CorePlot.xcodeproj */;
			proxyType = 2;
			remoteGlobalIDString = 8DC2EF5B0486A6940098B216;
			remoteInfo = "CorePlot Mac";
		};
		01B624E61BB9EFCF0073C41A /* PBXContainerItemProxy */ = {
			isa = PBXContainerItemProxy;
			containerPortal = 01B624CF1BB9EFCF0073C41A /* CorePlot.xcodeproj */;
			proxyType = 2;
			remoteGlobalIDString = 0730F600109492D800E95162;
			remoteInfo = "UnitTests Mac";
		};
		01B624E81BB9EFCF0073C41A /* PBXContainerItemProxy */ = {
			isa = PBXContainerItemProxy;
			containerPortal = 01B624CF1BB9EFCF0073C41A /* CorePlot.xcodeproj */;
			proxyType = 2;
			remoteGlobalIDString = C38A09781A46185200D45436;
			remoteInfo = "CorePlot iOS";
		};
		01B624EA1BB9EFCF0073C41A /* PBXContainerItemProxy */ = {
			isa = PBXContainerItemProxy;
			containerPortal = 01B624CF1BB9EFCF0073C41A /* CorePlot.xcodeproj */;
			proxyType = 2;
			remoteGlobalIDString = C38A09821A46185300D45436;
			remoteInfo = "UnitTests iOS";
		};
		01B624EC1BB9EFCF0073C41A /* PBXContainerItemProxy */ = {
			isa = PBXContainerItemProxy;
			containerPortal = 01B624CF1BB9EFCF0073C41A /* CorePlot.xcodeproj */;
			proxyType = 2;
			remoteGlobalIDString = C38A09BA1A4619A900D45436;
			remoteInfo = "CorePlot-CocoaTouch";
		};
		01B624EE1BB9EFCF0073C41A /* PBXContainerItemProxy */ = {
			isa = PBXContainerItemProxy;
			containerPortal = 01B624CF1BB9EFCF0073C41A /* CorePlot.xcodeproj */;
			proxyType = 2;
			remoteGlobalIDString = C38A09C41A4619A900D45436;
			remoteInfo = "CorePlot-CocoaTouchTests";
		};
/* End PBXContainerItemProxy section */

/* Begin PBXCopyFilesBuildPhase section */
		010C22BA1B751A3B00645D7D /* CopyFiles */ = {
			isa = PBXCopyFilesBuildPhase;
			buildActionMask = 2147483647;
			dstPath = "";
			dstSubfolderSpec = 10;
			files = (
			);
			runOnlyForDeploymentPostprocessing = 0;
		};
/* End PBXCopyFilesBuildPhase section */

/* Begin PBXFileReference section */
		010C22891B718EF600645D7D /* StatusViewController.swift */ = {isa = PBXFileReference; fileEncoding = 4; lastKnownFileType = sourcecode.swift; path = StatusViewController.swift; sourceTree = "<group>"; };
		010C228D1B73283700645D7D /* NMOperations.swift */ = {isa = PBXFileReference; fileEncoding = 4; lastKnownFileType = sourcecode.swift; path = NMOperations.swift; sourceTree = "<group>"; };
		010C229C1B74FE0000645D7D /* PreviewViewController.swift */ = {isa = PBXFileReference; fileEncoding = 4; lastKnownFileType = sourcecode.swift; path = PreviewViewController.swift; sourceTree = "<group>"; };
		010C22A01B75177900645D7D /* BridgingHeader.h */ = {isa = PBXFileReference; fileEncoding = 4; lastKnownFileType = sourcecode.c.h; path = BridgingHeader.h; sourceTree = "<group>"; };
		010C22BC1B751A9A00645D7D /* QuartzCore.framework */ = {isa = PBXFileReference; lastKnownFileType = wrapper.framework; name = QuartzCore.framework; path = System/Library/Frameworks/QuartzCore.framework; sourceTree = SDKROOT; };
		011CAF051B80587000E23D6F /* NMFootageObject.swift */ = {isa = PBXFileReference; fileEncoding = 4; lastKnownFileType = sourcecode.swift; name = NMFootageObject.swift; path = Footage/NMFootageObject.swift; sourceTree = "<group>"; };
		011CAF071B8058A100E23D6F /* NMFootageAsset.swift */ = {isa = PBXFileReference; fileEncoding = 4; lastKnownFileType = sourcecode.swift; name = NMFootageAsset.swift; path = Footage/NMFootageAsset.swift; sourceTree = "<group>"; };
		011CAF091B80671F00E23D6F /* NMFootageTreeController.swift */ = {isa = PBXFileReference; fileEncoding = 4; lastKnownFileType = sourcecode.swift; name = NMFootageTreeController.swift; path = Footage/NMFootageTreeController.swift; sourceTree = "<group>"; };
		011D89761B69EB7D003D605D /* AeroEditor.app */ = {isa = PBXFileReference; explicitFileType = wrapper.application; includeInIndex = 0; path = AeroEditor.app; sourceTree = BUILT_PRODUCTS_DIR; };
		011D897A1B69EB7D003D605D /* Info.plist */ = {isa = PBXFileReference; lastKnownFileType = text.plist.xml; path = Info.plist; sourceTree = "<group>"; };
		011D897B1B69EB7D003D605D /* AppDelegate.swift */ = {isa = PBXFileReference; lastKnownFileType = sourcecode.swift; path = AppDelegate.swift; sourceTree = "<group>"; };
		011D897D1B69EB7D003D605D /* ViewController.swift */ = {isa = PBXFileReference; lastKnownFileType = sourcecode.swift; path = ViewController.swift; sourceTree = "<group>"; };
		011D897F1B69EB7D003D605D /* Images.xcassets */ = {isa = PBXFileReference; lastKnownFileType = folder.assetcatalog; path = Images.xcassets; sourceTree = "<group>"; };
		011D89821B69EB7D003D605D /* Base */ = {isa = PBXFileReference; lastKnownFileType = file.storyboard; name = Base; path = Base.lproj/Main.storyboard; sourceTree = "<group>"; };
		011D89881B69EB7D003D605D /* AeroEditorTests.xctest */ = {isa = PBXFileReference; explicitFileType = wrapper.cfbundle; includeInIndex = 0; path = AeroEditorTests.xctest; sourceTree = BUILT_PRODUCTS_DIR; };
		011D898D1B69EB7D003D605D /* Info.plist */ = {isa = PBXFileReference; lastKnownFileType = text.plist.xml; path = Info.plist; sourceTree = "<group>"; };
		011D898E1B69EB7D003D605D /* AeroEditorTests.swift */ = {isa = PBXFileReference; lastKnownFileType = sourcecode.swift; path = AeroEditorTests.swift; sourceTree = "<group>"; };
		011D89981B69F4E0003D605D /* NMVideoProcessor.swift */ = {isa = PBXFileReference; fileEncoding = 4; lastKnownFileType = sourcecode.swift; path = NMVideoProcessor.swift; sourceTree = "<group>"; };
		011D899A1B69F6BE003D605D /* AVFoundation.framework */ = {isa = PBXFileReference; lastKnownFileType = wrapper.framework; name = AVFoundation.framework; path = System/Library/Frameworks/AVFoundation.framework; sourceTree = SDKROOT; };
		01A2C3601B79460800C97408 /* ChooseViewController.swift */ = {isa = PBXFileReference; fileEncoding = 4; lastKnownFileType = sourcecode.swift; path = ChooseViewController.swift; sourceTree = "<group>"; };
		01A2C3621B79733900C97408 /* MainViewController.swift */ = {isa = PBXFileReference; fileEncoding = 4; lastKnownFileType = sourcecode.swift; path = MainViewController.swift; sourceTree = "<group>"; };
		01A2C3641B79753A00C97408 /* NMFootageAngle.swift */ = {isa = PBXFileReference; fileEncoding = 4; lastKnownFileType = sourcecode.swift; path = NMFootageAngle.swift; sourceTree = "<group>"; };
		01A2C3661B7A435700C97408 /* SubMainViewController.swift */ = {isa = PBXFileReference; fileEncoding = 4; lastKnownFileType = sourcecode.swift; path = SubMainViewController.swift; sourceTree = "<group>"; };
		01A2C3681B7A460100C97408 /* ChooseSplitViewController.swift */ = {isa = PBXFileReference; fileEncoding = 4; lastKnownFileType = sourcecode.swift; path = ChooseSplitViewController.swift; sourceTree = "<group>"; };
		01A2C36B1B7A49CC00C97408 /* ChooseOutlineViewController.swift */ = {isa = PBXFileReference; fileEncoding = 4; lastKnownFileType = sourcecode.swift; name = ChooseOutlineViewController.swift; path = Choose/ChooseOutlineViewController.swift; sourceTree = "<group>"; };
		01A2C36D1B7A4AC900C97408 /* ChooseDetailViewController.swift */ = {isa = PBXFileReference; fileEncoding = 4; lastKnownFileType = sourcecode.swift; name = ChooseDetailViewController.swift; path = Choose/ChooseDetailViewController.swift; sourceTree = "<group>"; };
		01B624CF1BB9EFCF0073C41A /* CorePlot.xcodeproj */ = {isa = PBXFileReference; lastKnownFileType = "wrapper.pb-project"; name = CorePlot.xcodeproj; path = "../../tools/core-plot-release-2.0/framework/CorePlot.xcodeproj"; sourceTree = "<group>"; };
		0627182E805C19FE8237E18F /* libPods-AeroEditor.a */ = {isa = PBXFileReference; explicitFileType = archive.ar; includeInIndex = 0; path = "libPods-AeroEditor.a"; sourceTree = BUILT_PRODUCTS_DIR; };
		7968F79CAB714195CA78B91D /* Pods-AeroEditor.debug.xcconfig */ = {isa = PBXFileReference; includeInIndex = 1; lastKnownFileType = text.xcconfig; name = "Pods-AeroEditor.debug.xcconfig"; path = "Pods/Target Support Files/Pods-AeroEditor/Pods-AeroEditor.debug.xcconfig"; sourceTree = "<group>"; };
		AA8F2295D1977F893658CEDE /* Pods-AeroEditor.release.xcconfig */ = {isa = PBXFileReference; includeInIndex = 1; lastKnownFileType = text.xcconfig; name = "Pods-AeroEditor.release.xcconfig"; path = "Pods/Target Support Files/Pods-AeroEditor/Pods-AeroEditor.release.xcconfig"; sourceTree = "<group>"; };
/* End PBXFileReference section */

/* Begin PBXFrameworksBuildPhase section */
		011D89731B69EB7D003D605D /* Frameworks */ = {
			isa = PBXFrameworksBuildPhase;
			buildActionMask = 2147483647;
			files = (
				01B624F01BB9F01D0073C41A /* CorePlot.framework in Frameworks */,
				010C22BD1B751A9A00645D7D /* QuartzCore.framework in Frameworks */,
				011D899B1B69F6BE003D605D /* AVFoundation.framework in Frameworks */,
				8AB08E56503DF7F769835C37 /* libPods-AeroEditor.a in Frameworks */,
			);
			runOnlyForDeploymentPostprocessing = 0;
		};
		011D89851B69EB7D003D605D /* Frameworks */ = {
			isa = PBXFrameworksBuildPhase;
			buildActionMask = 2147483647;
			files = (
			);
			runOnlyForDeploymentPostprocessing = 0;
		};
/* End PBXFrameworksBuildPhase section */

/* Begin PBXGroup section */
		011CAEFB1B80585800E23D6F /* Footage */ = {
			isa = PBXGroup;
			children = (
				011CAF091B80671F00E23D6F /* NMFootageTreeController.swift */,
				011CAF051B80587000E23D6F /* NMFootageObject.swift */,
				01A2C3641B79753A00C97408 /* NMFootageAngle.swift */,
				011CAF071B8058A100E23D6F /* NMFootageAsset.swift */,
			);
			name = Footage;
			sourceTree = "<group>";
		};
		011D896D1B69EB7D003D605D = {
			isa = PBXGroup;
			children = (
				01B624CF1BB9EFCF0073C41A /* CorePlot.xcodeproj */,
				011D899A1B69F6BE003D605D /* AVFoundation.framework */,
				011D89781B69EB7D003D605D /* AeroEditor */,
				011D898B1B69EB7D003D605D /* AeroEditorTests */,
				011D89771B69EB7D003D605D /* Products */,
				B1AFA91591D79198D5DBB629 /* Pods */,
				2DB3C7DB5BE2D668000EE2E1 /* Frameworks */,
			);
			sourceTree = "<group>";
		};
		011D89771B69EB7D003D605D /* Products */ = {
			isa = PBXGroup;
			children = (
				011D89761B69EB7D003D605D /* AeroEditor.app */,
				011D89881B69EB7D003D605D /* AeroEditorTests.xctest */,
			);
			name = Products;
			sourceTree = "<group>";
		};
		011D89781B69EB7D003D605D /* AeroEditor */ = {
			isa = PBXGroup;
			children = (
				011CAEFB1B80585800E23D6F /* Footage */,
				01A2C36A1B7A499C00C97408 /* Choose */,
				010C22891B718EF600645D7D /* StatusViewController.swift */,
				011D897B1B69EB7D003D605D /* AppDelegate.swift */,
				011D897D1B69EB7D003D605D /* ViewController.swift */,
				011D897F1B69EB7D003D605D /* Images.xcassets */,
				011D89811B69EB7D003D605D /* Main.storyboard */,
				01A2C3621B79733900C97408 /* MainViewController.swift */,
				01A2C3661B7A435700C97408 /* SubMainViewController.swift */,
				010C229C1B74FE0000645D7D /* PreviewViewController.swift */,
				011D89981B69F4E0003D605D /* NMVideoProcessor.swift */,
				010C228D1B73283700645D7D /* NMOperations.swift */,
				011D89791B69EB7D003D605D /* Supporting Files */,
			);
			path = AeroEditor;
			sourceTree = "<group>";
		};
		011D89791B69EB7D003D605D /* Supporting Files */ = {
			isa = PBXGroup;
			children = (
				011D897A1B69EB7D003D605D /* Info.plist */,
				010C22A01B75177900645D7D /* BridgingHeader.h */,
			);
			name = "Supporting Files";
			sourceTree = "<group>";
		};
		011D898B1B69EB7D003D605D /* AeroEditorTests */ = {
			isa = PBXGroup;
			children = (
				011D898E1B69EB7D003D605D /* AeroEditorTests.swift */,
				011D898C1B69EB7D003D605D /* Supporting Files */,
			);
			path = AeroEditorTests;
			sourceTree = "<group>";
		};
		011D898C1B69EB7D003D605D /* Supporting Files */ = {
			isa = PBXGroup;
			children = (
				011D898D1B69EB7D003D605D /* Info.plist */,
			);
			name = "Supporting Files";
			sourceTree = "<group>";
		};
		01A2C36A1B7A499C00C97408 /* Choose */ = {
			isa = PBXGroup;
			children = (
				01A2C3601B79460800C97408 /* ChooseViewController.swift */,
				01A2C3681B7A460100C97408 /* ChooseSplitViewController.swift */,
				01A2C36B1B7A49CC00C97408 /* ChooseOutlineViewController.swift */,
				01A2C36D1B7A4AC900C97408 /* ChooseDetailViewController.swift */,
			);
			name = Choose;
			sourceTree = "<group>";
		};
		01B624D01BB9EFCF0073C41A /* Products */ = {
			isa = PBXGroup;
			children = (
				01B624E51BB9EFCF0073C41A /* CorePlot.framework */,
				01B624E71BB9EFCF0073C41A /* UnitTests.xctest */,
				01B624E91BB9EFCF0073C41A /* CorePlot.framework */,
				01B624EB1BB9EFCF0073C41A /* UnitTests iOS.xctest */,
				01B624ED1BB9EFCF0073C41A /* libCorePlot-CocoaTouch.a */,
				01B624EF1BB9EFCF0073C41A /* CorePlot-CocoaTouchTests.xctest */,
			);
			name = Products;
			sourceTree = "<group>";
		};
		2DB3C7DB5BE2D668000EE2E1 /* Frameworks */ = {
			isa = PBXGroup;
			children = (
				010C22BC1B751A9A00645D7D /* QuartzCore.framework */,
				0627182E805C19FE8237E18F /* libPods-AeroEditor.a */,
			);
			name = Frameworks;
			sourceTree = "<group>";
		};
		B1AFA91591D79198D5DBB629 /* Pods */ = {
			isa = PBXGroup;
			children = (
				7968F79CAB714195CA78B91D /* Pods-AeroEditor.debug.xcconfig */,
				AA8F2295D1977F893658CEDE /* Pods-AeroEditor.release.xcconfig */,
			);
			name = Pods;
			sourceTree = "<group>";
		};
/* End PBXGroup section */

/* Begin PBXNativeTarget section */
		011D89751B69EB7D003D605D /* AeroEditor */ = {
			isa = PBXNativeTarget;
			buildConfigurationList = 011D89921B69EB7D003D605D /* Build configuration list for PBXNativeTarget "AeroEditor" */;
			buildPhases = (
				843803AF7067FCCDFC740A89 /* Check Pods Manifest.lock */,
				011D89721B69EB7D003D605D /* Sources */,
				010C22BA1B751A3B00645D7D /* CopyFiles */,
				011D89731B69EB7D003D605D /* Frameworks */,
				011D89741B69EB7D003D605D /* Resources */,
				427C9D0B5DF5CAC83739491A /* Copy Pods Resources */,
			);
			buildRules = (
			);
			dependencies = (
			);
			name = AeroEditor;
			productName = AeroEditor;
			productReference = 011D89761B69EB7D003D605D /* AeroEditor.app */;
			productType = "com.apple.product-type.application";
		};
		011D89871B69EB7D003D605D /* AeroEditorTests */ = {
			isa = PBXNativeTarget;
			buildConfigurationList = 011D89951B69EB7D003D605D /* Build configuration list for PBXNativeTarget "AeroEditorTests" */;
			buildPhases = (
				011D89841B69EB7D003D605D /* Sources */,
				011D89851B69EB7D003D605D /* Frameworks */,
				011D89861B69EB7D003D605D /* Resources */,
			);
			buildRules = (
			);
			dependencies = (
				011D898A1B69EB7D003D605D /* PBXTargetDependency */,
			);
			name = AeroEditorTests;
			productName = AeroEditorTests;
			productReference = 011D89881B69EB7D003D605D /* AeroEditorTests.xctest */;
			productType = "com.apple.product-type.bundle.unit-test";
		};
/* End PBXNativeTarget section */

/* Begin PBXProject section */
		011D896E1B69EB7D003D605D /* Project object */ = {
			isa = PBXProject;
			attributes = {
				LastSwiftUpdateCheck = 0700;
				LastUpgradeCheck = 0700;
				ORGANIZATIONNAME = "Nick Merrill";
				TargetAttributes = {
					011D89751B69EB7D003D605D = {
						CreatedOnToolsVersion = 6.4;
						DevelopmentTeam = A5J322S23K;
						LastSwiftMigration = 0830;
					};
					011D89871B69EB7D003D605D = {
						CreatedOnToolsVersion = 6.4;
						LastSwiftMigration = 0830;
						TestTargetID = 011D89751B69EB7D003D605D;
					};
				};
			};
			buildConfigurationList = 011D89711B69EB7D003D605D /* Build configuration list for PBXProject "AeroEditor" */;
			compatibilityVersion = "Xcode 3.2";
			developmentRegion = English;
			hasScannedForEncodings = 0;
			knownRegions = (
				en,
				Base,
			);
			mainGroup = 011D896D1B69EB7D003D605D;
			productRefGroup = 011D89771B69EB7D003D605D /* Products */;
			projectDirPath = "";
			projectReferences = (
				{
					ProductGroup = 01B624D01BB9EFCF0073C41A /* Products */;
					ProjectRef = 01B624CF1BB9EFCF0073C41A /* CorePlot.xcodeproj */;
				},
			);
			projectRoot = "";
			targets = (
				011D89751B69EB7D003D605D /* AeroEditor */,
				011D89871B69EB7D003D605D /* AeroEditorTests */,
			);
		};
/* End PBXProject section */

/* Begin PBXReferenceProxy section */
		01B624E51BB9EFCF0073C41A /* CorePlot.framework */ = {
			isa = PBXReferenceProxy;
			fileType = wrapper.framework;
			path = CorePlot.framework;
			remoteRef = 01B624E41BB9EFCF0073C41A /* PBXContainerItemProxy */;
			sourceTree = BUILT_PRODUCTS_DIR;
		};
		01B624E71BB9EFCF0073C41A /* UnitTests.xctest */ = {
			isa = PBXReferenceProxy;
			fileType = wrapper.cfbundle;
			path = UnitTests.xctest;
			remoteRef = 01B624E61BB9EFCF0073C41A /* PBXContainerItemProxy */;
			sourceTree = BUILT_PRODUCTS_DIR;
		};
		01B624E91BB9EFCF0073C41A /* CorePlot.framework */ = {
			isa = PBXReferenceProxy;
			fileType = wrapper.framework;
			path = CorePlot.framework;
			remoteRef = 01B624E81BB9EFCF0073C41A /* PBXContainerItemProxy */;
			sourceTree = BUILT_PRODUCTS_DIR;
		};
		01B624EB1BB9EFCF0073C41A /* UnitTests iOS.xctest */ = {
			isa = PBXReferenceProxy;
			fileType = wrapper.cfbundle;
			path = "UnitTests iOS.xctest";
			remoteRef = 01B624EA1BB9EFCF0073C41A /* PBXContainerItemProxy */;
			sourceTree = BUILT_PRODUCTS_DIR;
		};
		01B624ED1BB9EFCF0073C41A /* libCorePlot-CocoaTouch.a */ = {
			isa = PBXReferenceProxy;
			fileType = archive.ar;
			path = "libCorePlot-CocoaTouch.a";
			remoteRef = 01B624EC1BB9EFCF0073C41A /* PBXContainerItemProxy */;
			sourceTree = BUILT_PRODUCTS_DIR;
		};
		01B624EF1BB9EFCF0073C41A /* CorePlot-CocoaTouchTests.xctest */ = {
			isa = PBXReferenceProxy;
			fileType = wrapper.cfbundle;
			path = "CorePlot-CocoaTouchTests.xctest";
			remoteRef = 01B624EE1BB9EFCF0073C41A /* PBXContainerItemProxy */;
			sourceTree = BUILT_PRODUCTS_DIR;
		};
/* End PBXReferenceProxy section */

/* Begin PBXResourcesBuildPhase section */
		011D89741B69EB7D003D605D /* Resources */ = {
			isa = PBXResourcesBuildPhase;
			buildActionMask = 2147483647;
			files = (
				011D89801B69EB7D003D605D /* Images.xcassets in Resources */,
				011D89831B69EB7D003D605D /* Main.storyboard in Resources */,
			);
			runOnlyForDeploymentPostprocessing = 0;
		};
		011D89861B69EB7D003D605D /* Resources */ = {
			isa = PBXResourcesBuildPhase;
			buildActionMask = 2147483647;
			files = (
			);
			runOnlyForDeploymentPostprocessing = 0;
		};
/* End PBXResourcesBuildPhase section */

/* Begin PBXShellScriptBuildPhase section */
		427C9D0B5DF5CAC83739491A /* Copy Pods Resources */ = {
			isa = PBXShellScriptBuildPhase;
			buildActionMask = 2147483647;
			files = (
			);
			inputPaths = (
			);
			name = "Copy Pods Resources";
			outputPaths = (
			);
			runOnlyForDeploymentPostprocessing = 0;
			shellPath = /bin/sh;
			shellScript = "\"${SRCROOT}/Pods/Target Support Files/Pods-AeroEditor/Pods-AeroEditor-resources.sh\"\n";
			showEnvVarsInLog = 0;
		};
		843803AF7067FCCDFC740A89 /* Check Pods Manifest.lock */ = {
			isa = PBXShellScriptBuildPhase;
			buildActionMask = 2147483647;
			files = (
			);
			inputPaths = (
			);
			name = "Check Pods Manifest.lock";
			outputPaths = (
			);
			runOnlyForDeploymentPostprocessing = 0;
			shellPath = /bin/sh;
			shellScript = "diff \"${PODS_ROOT}/../Podfile.lock\" \"${PODS_ROOT}/Manifest.lock\" > /dev/null\nif [[ $? != 0 ]] ; then\n    cat << EOM\nerror: The sandbox is not in sync with the Podfile.lock. Run 'pod install' or update your CocoaPods installation.\nEOM\n    exit 1\nfi\n";
			showEnvVarsInLog = 0;
		};
/* End PBXShellScriptBuildPhase section */

/* Begin PBXSourcesBuildPhase section */
		011D89721B69EB7D003D605D /* Sources */ = {
			isa = PBXSourcesBuildPhase;
			buildActionMask = 2147483647;
			files = (
				01A2C36E1B7A4AC900C97408 /* ChooseDetailViewController.swift in Sources */,
				010C228A1B718EF600645D7D /* StatusViewController.swift in Sources */,
				011D897E1B69EB7D003D605D /* ViewController.swift in Sources */,
				011D89991B69F4E0003D605D /* NMVideoProcessor.swift in Sources */,
				01A2C3691B7A460100C97408 /* ChooseSplitViewController.swift in Sources */,
				011CAF081B8058A100E23D6F /* NMFootageAsset.swift in Sources */,
				010C228E1B73283700645D7D /* NMOperations.swift in Sources */,
				01A2C3671B7A435700C97408 /* SubMainViewController.swift in Sources */,
				011D897C1B69EB7D003D605D /* AppDelegate.swift in Sources */,
				01A2C3611B79460800C97408 /* ChooseViewController.swift in Sources */,
				01A2C36C1B7A49CC00C97408 /* ChooseOutlineViewController.swift in Sources */,
				010C229D1B74FE0000645D7D /* PreviewViewController.swift in Sources */,
				011CAF0A1B80671F00E23D6F /* NMFootageTreeController.swift in Sources */,
				011CAF061B80587000E23D6F /* NMFootageObject.swift in Sources */,
				01A2C3631B79733900C97408 /* MainViewController.swift in Sources */,
				01A2C3651B79753A00C97408 /* NMFootageAngle.swift in Sources */,
			);
			runOnlyForDeploymentPostprocessing = 0;
		};
		011D89841B69EB7D003D605D /* Sources */ = {
			isa = PBXSourcesBuildPhase;
			buildActionMask = 2147483647;
			files = (
				011D898F1B69EB7D003D605D /* AeroEditorTests.swift in Sources */,
			);
			runOnlyForDeploymentPostprocessing = 0;
		};
/* End PBXSourcesBuildPhase section */

/* Begin PBXTargetDependency section */
		011D898A1B69EB7D003D605D /* PBXTargetDependency */ = {
			isa = PBXTargetDependency;
			target = 011D89751B69EB7D003D605D /* AeroEditor */;
			targetProxy = 011D89891B69EB7D003D605D /* PBXContainerItemProxy */;
		};
/* End PBXTargetDependency section */

/* Begin PBXVariantGroup section */
		011D89811B69EB7D003D605D /* Main.storyboard */ = {
			isa = PBXVariantGroup;
			children = (
				011D89821B69EB7D003D605D /* Base */,
			);
			name = Main.storyboard;
			sourceTree = "<group>";
		};
/* End PBXVariantGroup section */

/* Begin XCBuildConfiguration section */
		011D89901B69EB7D003D605D /* Debug */ = {
			isa = XCBuildConfiguration;
			buildSettings = {
				ALWAYS_SEARCH_USER_PATHS = NO;
				CLANG_CXX_LANGUAGE_STANDARD = "gnu++0x";
				CLANG_CXX_LIBRARY = "libc++";
				CLANG_ENABLE_MODULES = YES;
				CLANG_ENABLE_OBJC_ARC = YES;
				CLANG_WARN_BOOL_CONVERSION = YES;
				CLANG_WARN_CONSTANT_CONVERSION = YES;
				CLANG_WARN_DIRECT_OBJC_ISA_USAGE = YES_ERROR;
				CLANG_WARN_EMPTY_BODY = YES;
				CLANG_WARN_ENUM_CONVERSION = YES;
				CLANG_WARN_INT_CONVERSION = YES;
				CLANG_WARN_OBJC_ROOT_CLASS = YES_ERROR;
				CLANG_WARN_UNREACHABLE_CODE = YES;
				CLANG_WARN__DUPLICATE_METHOD_MATCH = YES;
				CODE_SIGN_IDENTITY = "-";
				COPY_PHASE_STRIP = NO;
				DEBUG_INFORMATION_FORMAT = dwarf;
				ENABLE_STRICT_OBJC_MSGSEND = YES;
				ENABLE_TESTABILITY = YES;
				GCC_C_LANGUAGE_STANDARD = gnu99;
				GCC_DYNAMIC_NO_PIC = NO;
				GCC_NO_COMMON_BLOCKS = YES;
				GCC_OPTIMIZATION_LEVEL = 0;
				GCC_PREPROCESSOR_DEFINITIONS = (
					"DEBUG=1",
					"$(inherited)",
				);
				GCC_SYMBOLS_PRIVATE_EXTERN = NO;
				GCC_WARN_64_TO_32_BIT_CONVERSION = YES;
				GCC_WARN_ABOUT_RETURN_TYPE = YES_ERROR;
				GCC_WARN_UNDECLARED_SELECTOR = YES;
				GCC_WARN_UNINITIALIZED_AUTOS = YES_AGGRESSIVE;
				GCC_WARN_UNUSED_FUNCTION = YES;
				GCC_WARN_UNUSED_VARIABLE = YES;
				MACOSX_DEPLOYMENT_TARGET = 10.10;
				MTL_ENABLE_DEBUG_INFO = YES;
				ONLY_ACTIVE_ARCH = YES;
				SDKROOT = macosx;
				SWIFT_OPTIMIZATION_LEVEL = "-Onone";
			};
			name = Debug;
		};
		011D89911B69EB7D003D605D /* Release */ = {
			isa = XCBuildConfiguration;
			buildSettings = {
				ALWAYS_SEARCH_USER_PATHS = NO;
				CLANG_CXX_LANGUAGE_STANDARD = "gnu++0x";
				CLANG_CXX_LIBRARY = "libc++";
				CLANG_ENABLE_MODULES = YES;
				CLANG_ENABLE_OBJC_ARC = YES;
				CLANG_WARN_BOOL_CONVERSION = YES;
				CLANG_WARN_CONSTANT_CONVERSION = YES;
				CLANG_WARN_DIRECT_OBJC_ISA_USAGE = YES_ERROR;
				CLANG_WARN_EMPTY_BODY = YES;
				CLANG_WARN_ENUM_CONVERSION = YES;
				CLANG_WARN_INT_CONVERSION = YES;
				CLANG_WARN_OBJC_ROOT_CLASS = YES_ERROR;
				CLANG_WARN_UNREACHABLE_CODE = YES;
				CLANG_WARN__DUPLICATE_METHOD_MATCH = YES;
				CODE_SIGN_IDENTITY = "-";
				COPY_PHASE_STRIP = NO;
				DEBUG_INFORMATION_FORMAT = "dwarf-with-dsym";
				ENABLE_NS_ASSERTIONS = NO;
				ENABLE_STRICT_OBJC_MSGSEND = YES;
				GCC_C_LANGUAGE_STANDARD = gnu99;
				GCC_NO_COMMON_BLOCKS = YES;
				GCC_WARN_64_TO_32_BIT_CONVERSION = YES;
				GCC_WARN_ABOUT_RETURN_TYPE = YES_ERROR;
				GCC_WARN_UNDECLARED_SELECTOR = YES;
				GCC_WARN_UNINITIALIZED_AUTOS = YES_AGGRESSIVE;
				GCC_WARN_UNUSED_FUNCTION = YES;
				GCC_WARN_UNUSED_VARIABLE = YES;
				MACOSX_DEPLOYMENT_TARGET = 10.10;
				MTL_ENABLE_DEBUG_INFO = NO;
				SDKROOT = macosx;
			};
			name = Release;
		};
		011D89931B69EB7D003D605D /* Debug */ = {
			isa = XCBuildConfiguration;
			baseConfigurationReference = 7968F79CAB714195CA78B91D /* Pods-AeroEditor.debug.xcconfig */;
			buildSettings = {
				ASSETCATALOG_COMPILER_APPICON_NAME = AppIcon;
				COMBINE_HIDPI_IMAGES = YES;
				INFOPLIST_FILE = AeroEditor/Info.plist;
				LD_RUNPATH_SEARCH_PATHS = "$(inherited) @executable_path/../Frameworks";
				PRODUCT_BUNDLE_IDENTIFIER = "co.nickmerrill.$(PRODUCT_NAME:rfc1034identifier)";
				PRODUCT_NAME = "$(TARGET_NAME)";
				SWIFT_OBJC_BRIDGING_HEADER = AeroEditor/BridgingHeader.h;
				SWIFT_VERSION = 3.0;
			};
			name = Debug;
		};
		011D89941B69EB7D003D605D /* Release */ = {
			isa = XCBuildConfiguration;
			baseConfigurationReference = AA8F2295D1977F893658CEDE /* Pods-AeroEditor.release.xcconfig */;
			buildSettings = {
				ASSETCATALOG_COMPILER_APPICON_NAME = AppIcon;
				COMBINE_HIDPI_IMAGES = YES;
				INFOPLIST_FILE = AeroEditor/Info.plist;
				LD_RUNPATH_SEARCH_PATHS = "$(inherited) @executable_path/../Frameworks";
				PRODUCT_BUNDLE_IDENTIFIER = "co.nickmerrill.$(PRODUCT_NAME:rfc1034identifier)";
				PRODUCT_NAME = "$(TARGET_NAME)";
				SWIFT_OBJC_BRIDGING_HEADER = AeroEditor/BridgingHeader.h;
				SWIFT_VERSION = 3.0;
			};
			name = Release;
		};
		011D89961B69EB7D003D605D /* Debug */ = {
			isa = XCBuildConfiguration;
			buildSettings = {
				BUNDLE_LOADER = "$(TEST_HOST)";
				COMBINE_HIDPI_IMAGES = YES;
				FRAMEWORK_SEARCH_PATHS = (
					"$(DEVELOPER_FRAMEWORKS_DIR)",
					"$(inherited)",
				);
				GCC_PREPROCESSOR_DEFINITIONS = (
					"DEBUG=1",
					"$(inherited)",
				);
				INFOPLIST_FILE = AeroEditorTests/Info.plist;
				LD_RUNPATH_SEARCH_PATHS = "$(inherited) @executable_path/../Frameworks @loader_path/../Frameworks";
				PRODUCT_BUNDLE_IDENTIFIER = "co.nickmerrill.$(PRODUCT_NAME:rfc1034identifier)";
				PRODUCT_NAME = "$(TARGET_NAME)";
				SWIFT_VERSION = 3.0;
				TEST_HOST = "$(BUILT_PRODUCTS_DIR)/AeroEditor.app/Contents/MacOS/AeroEditor";
			};
			name = Debug;
		};
		011D89971B69EB7D003D605D /* Release */ = {
			isa = XCBuildConfiguration;
			buildSettings = {
				BUNDLE_LOADER = "$(TEST_HOST)";
				COMBINE_HIDPI_IMAGES = YES;
				FRAMEWORK_SEARCH_PATHS = (
					"$(DEVELOPER_FRAMEWORKS_DIR)",
					"$(inherited)",
				);
				INFOPLIST_FILE = AeroEditorTests/Info.plist;
				LD_RUNPATH_SEARCH_PATHS = "$(inherited) @executable_path/../Frameworks @loader_path/../Frameworks";
				PRODUCT_BUNDLE_IDENTIFIER = "co.nickmerrill.$(PRODUCT_NAME:rfc1034identifier)";
				PRODUCT_NAME = "$(TARGET_NAME)";
				SWIFT_VERSION = 3.0;
				TEST_HOST = "$(BUILT_PRODUCTS_DIR)/AeroEditor.app/Contents/MacOS/AeroEditor";
			};
			name = Release;
		};
/* End XCBuildConfiguration section */

/* Begin XCConfigurationList section */
		011D89711B69EB7D003D605D /* Build configuration list for PBXProject "AeroEditor" */ = {
			isa = XCConfigurationList;
			buildConfigurations = (
				011D89901B69EB7D003D605D /* Debug */,
				011D89911B69EB7D003D605D /* Release */,
			);
			defaultConfigurationIsVisible = 0;
			defaultConfigurationName = Release;
		};
		011D89921B69EB7D003D605D /* Build configuration list for PBXNativeTarget "AeroEditor" */ = {
			isa = XCConfigurationList;
			buildConfigurations = (
				011D89931B69EB7D003D605D /* Debug */,
				011D89941B69EB7D003D605D /* Release */,
			);
			defaultConfigurationIsVisible = 0;
			defaultConfigurationName = Release;
		};
		011D89951B69EB7D003D605D /* Build configuration list for PBXNativeTarget "AeroEditorTests" */ = {
			isa = XCConfigurationList;
			buildConfigurations = (
				011D89961B69EB7D003D605D /* Debug */,
				011D89971B69EB7D003D605D /* Release */,
			);
			defaultConfigurationIsVisible = 0;
			defaultConfigurationName = Release;
		};
/* End XCConfigurationList section */
	};
	rootObject = 011D896E1B69EB7D003D605D /* Project object */;
}
